
Microsoft Visual Studio Solution File, Format Version 12.00
# Visual Studio Version 17
VisualStudioVersion = 17.5.33516.290
MinimumVisualStudioVersion = 10.0.40219.1
Project("{FAE04EC0-301F-11D3-BF4B-00C04F79EFBC}") = "music", "music\music.csproj", "{F1BFE484-913E-48CF-A2A0-721F00CF07E8}"
EndProject
Global
	GlobalSection(SolutionConfigurationPlatforms) = preSolution
		Debug|Any CPU = Debug|Any CPU
		Release|Any CPU = Release|Any CPU
	EndGlobalSection
	GlobalSection(ProjectConfigurationPlatforms) = postSolution
		{F1BFE484-913E-48CF-A2A0-721F00CF07E8}.Debug|Any CPU.ActiveCfg = Debug|Any CPU
		{F1BFE484-913E-48CF-A2A0-721F00CF07E8}.Debug|Any CPU.Build.0 = Debug|Any CPU
		{F1BFE484-913E-48CF-A2A0-721F00CF07E8}.Release|Any CPU.ActiveCfg = Release|Any CPU
		{F1BFE484-913E-48CF-A2A0-721F00CF07E8}.Release|Any CPU.Build.0 = Release|Any CPU
	EndGlobalSection
	GlobalSection(SolutionProperties) = preSolution
		HideSolutionNode = FALSE
	EndGlobalSection
	GlobalSection(ExtensibilityGlobals) = postSolution
		SolutionGuid = {E2759AFE-8C73-4F81-A5B7-B8757E632071}
	EndGlobalSection
EndGlobal
